
Microsoft Visual Studio Solution File, Format Version 12.00
# Visual Studio Version 17
VisualStudioVersion = 17.0.31903.59
MinimumVisualStudioVersion = 10.0.40219.1
Project("{2150E333-8FDC-42A3-9474-1A3956D46DE8}") = "Prototyping", "Prototyping", "{3FC5AC3F-29ED-4E8A-9110-B5228964A4AF}"
EndProject
Project("{2150E333-8FDC-42A3-9474-1A3956D46DE8}") = "P1-Productive-syncO2", "P1-Productive-syncO2", "{B241E681-D312-43D4-8940-D437E745EFE6}"
EndProject
Project("{FAE04EC0-301F-11D3-BF4B-00C04F79EFBC}") = "productive_sync", "Prototyping\P1-Productive-syncO2\productive_sync\productive_sync.csproj", "{70D16EE6-34BF-48DF-948F-1C5DE5431E55}"
EndProject
Global
	GlobalSection(SolutionConfigurationPlatforms) = preSolution
		Debug|Any CPU = Debug|Any CPU
		Release|Any CPU = Release|Any CPU
	EndGlobalSection
	GlobalSection(SolutionProperties) = preSolution
		HideSolutionNode = FALSE
	EndGlobalSection
	GlobalSection(ProjectConfigurationPlatforms) = postSolution
		{70D16EE6-34BF-48DF-948F-1C5DE5431E55}.Debug|Any CPU.ActiveCfg = Debug|Any CPU
		{70D16EE6-34BF-48DF-948F-1C5DE5431E55}.Debug|Any CPU.Build.0 = Debug|Any CPU
		{70D16EE6-34BF-48DF-948F-1C5DE5431E55}.Release|Any CPU.ActiveCfg = Release|Any CPU
		{70D16EE6-34BF-48DF-948F-1C5DE5431E55}.Release|Any CPU.Build.0 = Release|Any CPU
	EndGlobalSection
	GlobalSection(NestedProjects) = preSolution
		{B241E681-D312-43D4-8940-D437E745EFE6} = {3FC5AC3F-29ED-4E8A-9110-B5228964A4AF}
		{70D16EE6-34BF-48DF-948F-1C5DE5431E55} = {B241E681-D312-43D4-8940-D437E745EFE6}
	EndGlobalSection
EndGlobal
